<?xml version="1.0" encoding="UTF-8" standalone="yes" ?>
<CodeBlocks_project_file>
	<FileVersion major="1" minor="6" />
	<Project>
		<Option title="NetCommon" />
		<Option pch_mode="2" />
		<Option compiler="gcc" />
		<Build>
			<Target title="Debug">
				<Option output="bin/Debug/NetCommon" prefix_auto="1" extension_auto="1" />
				<Option working_dir="" />
				<Option object_output="obj/Debug/" />
				<Option type="2" />
				<Option compiler="gcc" />
				<Option createDefFile="1" />
				<Option projectIncludeDirsRelation="0" />
				<Compiler>
					<Add option="-Wall" />
					<Add option="-std=gnu++14" />
					<Add option="-g" />
					<Add directory="D:/game_dev/mahjong/mahjong/Server/Server_Client_CB/Projects/NetCommon" />
				</Compiler>
			</Target>
			<Target title="Release">
				<Option output="bin/Release/NetCommon" prefix_auto="1" extension_auto="1" />
				<Option working_dir="" />
				<Option object_output="obj/Release/" />
				<Option type="2" />
				<Option compiler="gcc" />
				<Option createDefFile="1" />
				<Compiler>
					<Add option="-O2" />
					<Add option="-Wall" />
					<Add directory="D:/CPPLib/asio-1.18.2/include" />
				</Compiler>
				<Linker>
					<Add option="-s" />
					<Add option="-lws2_32" />
				</Linker>
			</Target>
		</Build>
		<Unit filename="net_client.h" />
		<Unit filename="net_common.h" />
		<Unit filename="net_connection.h" />
		<Unit filename="net_message.h" />
		<Unit filename="net_server.h" />
		<Unit filename="net_tsqueue.h" />
		<Unit filename="olc_net.h" />
		<Extensions>
			<lib_finder disable_auto="1" />
		</Extensions>
	</Project>
</CodeBlocks_project_file>
